
Microsoft Visual Studio Solution File, Format Version 12.00
# Visual Studio 15
VisualStudioVersion = 15.0.27703.2026
MinimumVisualStudioVersion = 10.0.40219.1
Project("{FAE04EC0-301F-11D3-BF4B-00C04F79EFBC}") = "Sales.Android", "Sales\Sales.Android\Sales.Android.csproj", "{6691C7C5-CC06-4FF8-A31B-1F82CB642676}"
EndProject
Project("{FAE04EC0-301F-11D3-BF4B-00C04F79EFBC}") = "Sales.iOS", "Sales\Sales.iOS\Sales.iOS.csproj", "{BDC4C02E-3FBA-46B9-8880-59726A363B38}"
EndProject
Project("{FAE04EC0-301F-11D3-BF4B-00C04F79EFBC}") = "Sales", "Sales\Sales\Sales.csproj", "{2D297B3E-DF6F-41BD-8E36-470DA3A83422}"
EndProject
Project("{FAE04EC0-301F-11D3-BF4B-00C04F79EFBC}") = "Sales.Backend", "Sales.Backend\Sales.Backend.csproj", "{BC8830DC-00B3-4603-9C4F-BA141DF092AC}"
EndProject
Project("{FAE04EC0-301F-11D3-BF4B-00C04F79EFBC}") = "Sales.API", "Sales.API\Sales.API.csproj", "{09ADA2E6-650F-44FF-B169-50F51E2C74FE}"
EndProject
Project("{FAE04EC0-301F-11D3-BF4B-00C04F79EFBC}") = "Sales.Domain", "Sales.Domain\Sales.Domain.csproj", "{0F0B0E06-5141-44F8-BC64-7AD025021DB3}"
EndProject
Project("{FAE04EC0-301F-11D3-BF4B-00C04F79EFBC}") = "Sales.Common", "Sales.Common\Sales.Common.csproj", "{B2C12D33-F34A-4EB3-AF37-86BCA3DF6629}"
EndProject
Global
	GlobalSection(SolutionConfigurationPlatforms) = preSolution
		Ad-Hoc|Any CPU = Ad-Hoc|Any CPU
		Ad-Hoc|iPhone = Ad-Hoc|iPhone
		Ad-Hoc|iPhoneSimulator = Ad-Hoc|iPhoneSimulator
		AppStore|Any CPU = AppStore|Any CPU
		AppStore|iPhone = AppStore|iPhone
		AppStore|iPhoneSimulator = AppStore|iPhoneSimulator
		Debug|Any CPU = Debug|Any CPU
		Debug|iPhone = Debug|iPhone
		Debug|iPhoneSimulator = Debug|iPhoneSimulator
		Release|Any CPU = Release|Any CPU
		Release|iPhone = Release|iPhone
		Release|iPhoneSimulator = Release|iPhoneSimulator
	EndGlobalSection
	GlobalSection(ProjectConfigurationPlatforms) = postSolution
		{6691C7C5-CC06-4FF8-A31B-1F82CB642676}.Ad-Hoc|Any CPU.ActiveCfg = Release|Any CPU
		{6691C7C5-CC06-4FF8-A31B-1F82CB642676}.Ad-Hoc|Any CPU.Build.0 = Release|Any CPU
		{6691C7C5-CC06-4FF8-A31B-1F82CB642676}.Ad-Hoc|Any CPU.Deploy.0 = Release|Any CPU
		{6691C7C5-CC06-4FF8-A31B-1F82CB642676}.Ad-Hoc|iPhone.ActiveCfg = Release|Any CPU
		{6691C7C5-CC06-4FF8-A31B-1F82CB642676}.Ad-Hoc|iPhone.Build.0 = Release|Any CPU
		{6691C7C5-CC06-4FF8-A31B-1F82CB642676}.Ad-Hoc|iPhone.Deploy.0 = Release|Any CPU
		{6691C7C5-CC06-4FF8-A31B-1F82CB642676}.Ad-Hoc|iPhoneSimulator.ActiveCfg = Release|Any CPU
		{6691C7C5-CC06-4FF8-A31B-1F82CB642676}.Ad-Hoc|iPhoneSimulator.Build.0 = Release|Any CPU
		{6691C7C5-CC06-4FF8-A31B-1F82CB642676}.Ad-Hoc|iPhoneSimulator.Deploy.0 = Release|Any CPU
		{6691C7C5-CC06-4FF8-A31B-1F82CB642676}.AppStore|Any CPU.ActiveCfg = Release|Any CPU
		{6691C7C5-CC06-4FF8-A31B-1F82CB642676}.AppStore|Any CPU.Build.0 = Release|Any CPU
		{6691C7C5-CC06-4FF8-A31B-1F82CB642676}.AppStore|Any CPU.Deploy.0 = Release|Any CPU
		{6691C7C5-CC06-4FF8-A31B-1F82CB642676}.AppStore|iPhone.ActiveCfg = Release|Any CPU
		{6691C7C5-CC06-4FF8-A31B-1F82CB642676}.AppStore|iPhone.Build.0 = Release|Any CPU
		{6691C7C5-CC06-4FF8-A31B-1F82CB642676}.AppStore|iPhone.Deploy.0 = Release|Any CPU
		{6691C7C5-CC06-4FF8-A31B-1F82CB642676}.AppStore|iPhoneSimulator.ActiveCfg = Release|Any CPU
		{6691C7C5-CC06-4FF8-A31B-1F82CB642676}.AppStore|iPhoneSimulator.Build.0 = Release|Any CPU
		{6691C7C5-CC06-4FF8-A31B-1F82CB642676}.AppStore|iPhoneSimulator.Deploy.0 = Release|Any CPU
		{6691C7C5-CC06-4FF8-A31B-1F82CB642676}.Debug|Any CPU.ActiveCfg = Debug|Any CPU
		{6691C7C5-CC06-4FF8-A31B-1F82CB642676}.Debug|Any CPU.Build.0 = Debug|Any CPU
		{6691C7C5-CC06-4FF8-A31B-1F82CB642676}.Debug|Any CPU.Deploy.0 = Debug|Any CPU
		{6691C7C5-CC06-4FF8-A31B-1F82CB642676}.Debug|iPhone.ActiveCfg = Debug|Any CPU
		{6691C7C5-CC06-4FF8-A31B-1F82CB642676}.Debug|iPhone.Build.0 = Debug|Any CPU
		{6691C7C5-CC06-4FF8-A31B-1F82CB642676}.Debug|iPhone.Deploy.0 = Debug|Any CPU
		{6691C7C5-CC06-4FF8-A31B-1F82CB642676}.Debug|iPhoneSimulator.ActiveCfg = Debug|Any CPU
		{6691C7C5-CC06-4FF8-A31B-1F82CB642676}.Debug|iPhoneSimulator.Build.0 = Debug|Any CPU
		{6691C7C5-CC06-4FF8-A31B-1F82CB642676}.Debug|iPhoneSimulator.Deploy.0 = Debug|Any CPU
		{6691C7C5-CC06-4FF8-A31B-1F82CB642676}.Release|Any CPU.ActiveCfg = Release|Any CPU
		{6691C7C5-CC06-4FF8-A31B-1F82CB642676}.Release|Any CPU.Build.0 = Release|Any CPU
		{6691C7C5-CC06-4FF8-A31B-1F82CB642676}.Release|Any CPU.Deploy.0 = Release|Any CPU
		{6691C7C5-CC06-4FF8-A31B-1F82CB642676}.Release|iPhone.ActiveCfg = Release|Any CPU
		{6691C7C5-CC06-4FF8-A31B-1F82CB642676}.Release|iPhone.Build.0 = Release|Any CPU
		{6691C7C5-CC06-4FF8-A31B-1F82CB642676}.Release|iPhone.Deploy.0 = Release|Any CPU
		{6691C7C5-CC06-4FF8-A31B-1F82CB642676}.Release|iPhoneSimulator.ActiveCfg = Release|Any CPU
		{6691C7C5-CC06-4FF8-A31B-1F82CB642676}.Release|iPhoneSimulator.Build.0 = Release|Any CPU
		{6691C7C5-CC06-4FF8-A31B-1F82CB642676}.Release|iPhoneSimulator.Deploy.0 = Release|Any CPU
		{BDC4C02E-3FBA-46B9-8880-59726A363B38}.Ad-Hoc|Any CPU.ActiveCfg = Ad-Hoc|iPhone
		{BDC4C02E-3FBA-46B9-8880-59726A363B38}.Ad-Hoc|Any CPU.Build.0 = Ad-Hoc|iPhone
		{BDC4C02E-3FBA-46B9-8880-59726A363B38}.Ad-Hoc|Any CPU.Deploy.0 = Ad-Hoc|iPhone
		{BDC4C02E-3FBA-46B9-8880-59726A363B38}.Ad-Hoc|iPhone.ActiveCfg = Ad-Hoc|iPhone
		{BDC4C02E-3FBA-46B9-8880-59726A363B38}.Ad-Hoc|iPhone.Build.0 = Ad-Hoc|iPhone
		{BDC4C02E-3FBA-46B9-8880-59726A363B38}.Ad-Hoc|iPhone.Deploy.0 = Ad-Hoc|iPhone
		{BDC4C02E-3FBA-46B9-8880-59726A363B38}.Ad-Hoc|iPhoneSimulator.ActiveCfg = Ad-Hoc|iPhoneSimulator
		{BDC4C02E-3FBA-46B9-8880-59726A363B38}.Ad-Hoc|iPhoneSimulator.Build.0 = Ad-Hoc|iPhoneSimulator
		{BDC4C02E-3FBA-46B9-8880-59726A363B38}.Ad-Hoc|iPhoneSimulator.Deploy.0 = Ad-Hoc|iPhoneSimulator
		{BDC4C02E-3FBA-46B9-8880-59726A363B38}.AppStore|Any CPU.ActiveCfg = AppStore|iPhone
		{BDC4C02E-3FBA-46B9-8880-59726A363B38}.AppStore|Any CPU.Build.0 = AppStore|iPhone
		{BDC4C02E-3FBA-46B9-8880-59726A363B38}.AppStore|Any CPU.Deploy.0 = AppStore|iPhone
		{BDC4C02E-3FBA-46B9-8880-59726A363B38}.AppStore|iPhone.ActiveCfg = AppStore|iPhone
		{BDC4C02E-3FBA-46B9-8880-59726A363B38}.AppStore|iPhone.Build.0 = AppStore|iPhone
		{BDC4C02E-3FBA-46B9-8880-59726A363B38}.AppStore|iPhone.Deploy.0 = AppStore|iPhone
		{BDC4C02E-3FBA-46B9-8880-59726A363B38}.AppStore|iPhoneSimulator.ActiveCfg = AppStore|iPhoneSimulator
		{BDC4C02E-3FBA-46B9-8880-59726A363B38}.AppStore|iPhoneSimulator.Build.0 = AppStore|iPhoneSimulator
		{BDC4C02E-3FBA-46B9-8880-59726A363B38}.AppStore|iPhoneSimulator.Deploy.0 = AppStore|iPhoneSimulator
		{BDC4C02E-3FBA-46B9-8880-59726A363B38}.Debug|Any CPU.ActiveCfg = Debug|iPhoneSimulator
		{BDC4C02E-3FBA-46B9-8880-59726A363B38}.Debug|Any CPU.Build.0 = Debug|iPhoneSimulator
		{BDC4C02E-3FBA-46B9-8880-59726A363B38}.Debug|Any CPU.Deploy.0 = Debug|iPhoneSimulator
		{BDC4C02E-3FBA-46B9-8880-59726A363B38}.Debug|iPhone.ActiveCfg = Debug|iPhone
		{BDC4C02E-3FBA-46B9-8880-59726A363B38}.Debug|iPhone.Build.0 = Debug|iPhone
		{BDC4C02E-3FBA-46B9-8880-59726A363B38}.Debug|iPhone.Deploy.0 = Debug|iPhone
		{BDC4C02E-3FBA-46B9-8880-59726A363B38}.Debug|iPhoneSimulator.ActiveCfg = Debug|iPhoneSimulator
		{BDC4C02E-3FBA-46B9-8880-59726A363B38}.Debug|iPhoneSimulator.Build.0 = Debug|iPhoneSimulator
		{BDC4C02E-3FBA-46B9-8880-59726A363B38}.Debug|iPhoneSimulator.Deploy.0 = Debug|iPhoneSimulator
		{BDC4C02E-3FBA-46B9-8880-59726A363B38}.Release|Any CPU.ActiveCfg = Release|iPhone
		{BDC4C02E-3FBA-46B9-8880-59726A363B38}.Release|Any CPU.Build.0 = Release|iPhone
		{BDC4C02E-3FBA-46B9-8880-59726A363B38}.Release|Any CPU.Deploy.0 = Release|iPhone
		{BDC4C02E-3FBA-46B9-8880-59726A363B38}.Release|iPhone.ActiveCfg = Release|iPhone
		{BDC4C02E-3FBA-46B9-8880-59726A363B38}.Release|iPhone.Build.0 = Release|iPhone
		{BDC4C02E-3FBA-46B9-8880-59726A363B38}.Release|iPhone.Deploy.0 = Release|iPhone
		{BDC4C02E-3FBA-46B9-8880-59726A363B38}.Release|iPhoneSimulator.ActiveCfg = Release|iPhoneSimulator
		{BDC4C02E-3FBA-46B9-8880-59726A363B38}.Release|iPhoneSimulator.Build.0 = Release|iPhoneSimulator
		{BDC4C02E-3FBA-46B9-8880-59726A363B38}.Release|iPhoneSimulator.Deploy.0 = Release|iPhoneSimulator
		{2D297B3E-DF6F-41BD-8E36-470DA3A83422}.Ad-Hoc|Any CPU.ActiveCfg = Debug|Any CPU
		{2D297B3E-DF6F-41BD-8E36-470DA3A83422}.Ad-Hoc|Any CPU.Build.0 = Debug|Any CPU
		{2D297B3E-DF6F-41BD-8E36-470DA3A83422}.Ad-Hoc|Any CPU.Deploy.0 = Debug|Any CPU
		{2D297B3E-DF6F-41BD-8E36-470DA3A83422}.Ad-Hoc|iPhone.ActiveCfg = Debug|Any CPU
		{2D297B3E-DF6F-41BD-8E36-470DA3A83422}.Ad-Hoc|iPhone.Build.0 = Debug|Any CPU
		{2D297B3E-DF6F-41BD-8E36-470DA3A83422}.Ad-Hoc|iPhone.Deploy.0 = Debug|Any CPU
		{2D297B3E-DF6F-41BD-8E36-470DA3A83422}.Ad-Hoc|iPhoneSimulator.ActiveCfg = Debug|Any CPU
		{2D297B3E-DF6F-41BD-8E36-470DA3A83422}.Ad-Hoc|iPhoneSimulator.Build.0 = Debug|Any CPU
		{2D297B3E-DF6F-41BD-8E36-470DA3A83422}.Ad-Hoc|iPhoneSimulator.Deploy.0 = Debug|Any CPU
		{2D297B3E-DF6F-41BD-8E36-470DA3A83422}.AppStore|Any CPU.ActiveCfg = Debug|Any CPU
		{2D297B3E-DF6F-41BD-8E36-470DA3A83422}.AppStore|Any CPU.Build.0 = Debug|Any CPU
		{2D297B3E-DF6F-41BD-8E36-470DA3A83422}.AppStore|Any CPU.Deploy.0 = Debug|Any CPU
		{2D297B3E-DF6F-41BD-8E36-470DA3A83422}.AppStore|iPhone.ActiveCfg = Debug|Any CPU
		{2D297B3E-DF6F-41BD-8E36-470DA3A83422}.AppStore|iPhone.Build.0 = Debug|Any CPU
		{2D297B3E-DF6F-41BD-8E36-470DA3A83422}.AppStore|iPhone.Deploy.0 = Debug|Any CPU
		{2D297B3E-DF6F-41BD-8E36-470DA3A83422}.AppStore|iPhoneSimulator.ActiveCfg = Debug|Any CPU
		{2D297B3E-DF6F-41BD-8E36-470DA3A83422}.AppStore|iPhoneSimulator.Build.0 = Debug|Any CPU
		{2D297B3E-DF6F-41BD-8E36-470DA3A83422}.AppStore|iPhoneSimulator.Deploy.0 = Debug|Any CPU
		{2D297B3E-DF6F-41BD-8E36-470DA3A83422}.Debug|Any CPU.ActiveCfg = Debug|Any CPU
		{2D297B3E-DF6F-41BD-8E36-470DA3A83422}.Debug|Any CPU.Build.0 = Debug|Any CPU
		{2D297B3E-DF6F-41BD-8E36-470DA3A83422}.Debug|Any CPU.Deploy.0 = Debug|Any CPU
		{2D297B3E-DF6F-41BD-8E36-470DA3A83422}.Debug|iPhone.ActiveCfg = Debug|Any CPU
		{2D297B3E-DF6F-41BD-8E36-470DA3A83422}.Debug|iPhone.Build.0 = Debug|Any CPU
		{2D297B3E-DF6F-41BD-8E36-470DA3A83422}.Debug|iPhone.Deploy.0 = Debug|Any CPU
		{2D297B3E-DF6F-41BD-8E36-470DA3A83422}.Debug|iPhoneSimulator.ActiveCfg = Debug|Any CPU
		{2D297B3E-DF6F-41BD-8E36-470DA3A83422}.Debug|iPhoneSimulator.Build.0 = Debug|Any CPU
		{2D297B3E-DF6F-41BD-8E36-470DA3A83422}.Debug|iPhoneSimulator.Deploy.0 = Debug|Any CPU
		{2D297B3E-DF6F-41BD-8E36-470DA3A83422}.Release|Any CPU.ActiveCfg = Release|Any CPU
		{2D297B3E-DF6F-41BD-8E36-470DA3A83422}.Release|Any CPU.Build.0 = Release|Any CPU
		{2D297B3E-DF6F-41BD-8E36-470DA3A83422}.Release|Any CPU.Deploy.0 = Release|Any CPU
		{2D297B3E-DF6F-41BD-8E36-470DA3A83422}.Release|iPhone.ActiveCfg = Release|Any CPU
		{2D297B3E-DF6F-41BD-8E36-470DA3A83422}.Release|iPhone.Build.0 = Release|Any CPU
		{2D297B3E-DF6F-41BD-8E36-470DA3A83422}.Release|iPhone.Deploy.0 = Release|Any CPU
		{2D297B3E-DF6F-41BD-8E36-470DA3A83422}.Release|iPhoneSimulator.ActiveCfg = Release|Any CPU
		{2D297B3E-DF6F-41BD-8E36-470DA3A83422}.Release|iPhoneSimulator.Build.0 = Release|Any CPU
		{2D297B3E-DF6F-41BD-8E36-470DA3A83422}.Release|iPhoneSimulator.Deploy.0 = Release|Any CPU
		{BC8830DC-00B3-4603-9C4F-BA141DF092AC}.Ad-Hoc|Any CPU.ActiveCfg = Release|Any CPU
		{BC8830DC-00B3-4603-9C4F-BA141DF092AC}.Ad-Hoc|Any CPU.Build.0 = Release|Any CPU
		{BC8830DC-00B3-4603-9C4F-BA141DF092AC}.Ad-Hoc|iPhone.ActiveCfg = Release|Any CPU
		{BC8830DC-00B3-4603-9C4F-BA141DF092AC}.Ad-Hoc|iPhone.Build.0 = Release|Any CPU
		{BC8830DC-00B3-4603-9C4F-BA141DF092AC}.Ad-Hoc|iPhoneSimulator.ActiveCfg = Release|Any CPU
		{BC8830DC-00B3-4603-9C4F-BA141DF092AC}.Ad-Hoc|iPhoneSimulator.Build.0 = Release|Any CPU
		{BC8830DC-00B3-4603-9C4F-BA141DF092AC}.AppStore|Any CPU.ActiveCfg = Release|Any CPU
		{BC8830DC-00B3-4603-9C4F-BA141DF092AC}.AppStore|Any CPU.Build.0 = Release|Any CPU
		{BC8830DC-00B3-4603-9C4F-BA141DF092AC}.AppStore|iPhone.ActiveCfg = Release|Any CPU
		{BC8830DC-00B3-4603-9C4F-BA141DF092AC}.AppStore|iPhone.Build.0 = Release|Any CPU
		{BC8830DC-00B3-4603-9C4F-BA141DF092AC}.AppStore|iPhoneSimulator.ActiveCfg = Release|Any CPU
		{BC8830DC-00B3-4603-9C4F-BA141DF092AC}.AppStore|iPhoneSimulator.Build.0 = Release|Any CPU
		{BC8830DC-00B3-4603-9C4F-BA141DF092AC}.Debug|Any CPU.ActiveCfg = Debug|Any CPU
		{BC8830DC-00B3-4603-9C4F-BA141DF092AC}.Debug|Any CPU.Build.0 = Debug|Any CPU
		{BC8830DC-00B3-4603-9C4F-BA141DF092AC}.Debug|iPhone.ActiveCfg = Debug|Any CPU
		{BC8830DC-00B3-4603-9C4F-BA141DF092AC}.Debug|iPhone.Build.0 = Debug|Any CPU
		{BC8830DC-00B3-4603-9C4F-BA141DF092AC}.Debug|iPhoneSimulator.ActiveCfg = Debug|Any CPU
		{BC8830DC-00B3-4603-9C4F-BA141DF092AC}.Debug|iPhoneSimulator.Build.0 = Debug|Any CPU
		{BC8830DC-00B3-4603-9C4F-BA141DF092AC}.Release|Any CPU.ActiveCfg = Release|Any CPU
		{BC8830DC-00B3-4603-9C4F-BA141DF092AC}.Release|Any CPU.Build.0 = Release|Any CPU
		{BC8830DC-00B3-4603-9C4F-BA141DF092AC}.Release|iPhone.ActiveCfg = Release|Any CPU
		{BC8830DC-00B3-4603-9C4F-BA141DF092AC}.Release|iPhone.Build.0 = Release|Any CPU
		{BC8830DC-00B3-4603-9C4F-BA141DF092AC}.Release|iPhoneSimulator.ActiveCfg = Release|Any CPU
		{BC8830DC-00B3-4603-9C4F-BA141DF092AC}.Release|iPhoneSimulator.Build.0 = Release|Any CPU
		{09ADA2E6-650F-44FF-B169-50F51E2C74FE}.Ad-Hoc|Any CPU.ActiveCfg = Release|Any CPU
		{09ADA2E6-650F-44FF-B169-50F51E2C74FE}.Ad-Hoc|Any CPU.Build.0 = Release|Any CPU
		{09ADA2E6-650F-44FF-B169-50F51E2C74FE}.Ad-Hoc|iPhone.ActiveCfg = Release|Any CPU
		{09ADA2E6-650F-44FF-B169-50F51E2C74FE}.Ad-Hoc|iPhone.Build.0 = Release|Any CPU
		{09ADA2E6-650F-44FF-B169-50F51E2C74FE}.Ad-Hoc|iPhoneSimulator.ActiveCfg = Release|Any CPU
		{09ADA2E6-650F-44FF-B169-50F51E2C74FE}.Ad-Hoc|iPhoneSimulator.Build.0 = Release|Any CPU
		{09ADA2E6-650F-44FF-B169-50F51E2C74FE}.AppStore|Any CPU.ActiveCfg = Release|Any CPU
		{09ADA2E6-650F-44FF-B169-50F51E2C74FE}.AppStore|Any CPU.Build.0 = Release|Any CPU
		{09ADA2E6-650F-44FF-B169-50F51E2C74FE}.AppStore|iPhone.ActiveCfg = Release|Any CPU
		{09ADA2E6-650F-44FF-B169-50F51E2C74FE}.AppStore|iPhone.Build.0 = Release|Any CPU
		{09ADA2E6-650F-44FF-B169-50F51E2C74FE}.AppStore|iPhoneSimulator.ActiveCfg = Release|Any CPU
		{09ADA2E6-650F-44FF-B169-50F51E2C74FE}.AppStore|iPhoneSimulator.Build.0 = Release|Any CPU
		{09ADA2E6-650F-44FF-B169-50F51E2C74FE}.Debug|Any CPU.ActiveCfg = Debug|Any CPU
		{09ADA2E6-650F-44FF-B169-50F51E2C74FE}.Debug|Any CPU.Build.0 = Debug|Any CPU
		{09ADA2E6-650F-44FF-B169-50F51E2C74FE}.Debug|iPhone.ActiveCfg = Debug|Any CPU
		{09ADA2E6-650F-44FF-B169-50F51E2C74FE}.Debug|iPhone.Build.0 = Debug|Any CPU
		{09ADA2E6-650F-44FF-B169-50F51E2C74FE}.Debug|iPhoneSimulator.ActiveCfg = Debug|Any CPU
		{09ADA2E6-650F-44FF-B169-50F51E2C74FE}.Debug|iPhoneSimulator.Build.0 = Debug|Any CPU
		{09ADA2E6-650F-44FF-B169-50F51E2C74FE}.Release|Any CPU.ActiveCfg = Release|Any CPU
		{09ADA2E6-650F-44FF-B169-50F51E2C74FE}.Release|Any CPU.Build.0 = Release|Any CPU
		{09ADA2E6-650F-44FF-B169-50F51E2C74FE}.Release|iPhone.ActiveCfg = Release|Any CPU
		{09ADA2E6-650F-44FF-B169-50F51E2C74FE}.Release|iPhone.Build.0 = Release|Any CPU
		{09ADA2E6-650F-44FF-B169-50F51E2C74FE}.Release|iPhoneSimulator.ActiveCfg = Release|Any CPU
		{09ADA2E6-650F-44FF-B169-50F51E2C74FE}.Release|iPhoneSimulator.Build.0 = Release|Any CPU
		{0F0B0E06-5141-44F8-BC64-7AD025021DB3}.Ad-Hoc|Any CPU.ActiveCfg = Release|Any CPU
		{0F0B0E06-5141-44F8-BC64-7AD025021DB3}.Ad-Hoc|Any CPU.Build.0 = Release|Any CPU
		{0F0B0E06-5141-44F8-BC64-7AD025021DB3}.Ad-Hoc|iPhone.ActiveCfg = Release|Any CPU
		{0F0B0E06-5141-44F8-BC64-7AD025021DB3}.Ad-Hoc|iPhone.Build.0 = Release|Any CPU
		{0F0B0E06-5141-44F8-BC64-7AD025021DB3}.Ad-Hoc|iPhoneSimulator.ActiveCfg = Release|Any CPU
		{0F0B0E06-5141-44F8-BC64-7AD025021DB3}.Ad-Hoc|iPhoneSimulator.Build.0 = Release|Any CPU
		{0F0B0E06-5141-44F8-BC64-7AD025021DB3}.AppStore|Any CPU.ActiveCfg = Release|Any CPU
		{0F0B0E06-5141-44F8-BC64-7AD025021DB3}.AppStore|Any CPU.Build.0 = Release|Any CPU
		{0F0B0E06-5141-44F8-BC64-7AD025021DB3}.AppStore|iPhone.ActiveCfg = Release|Any CPU
		{0F0B0E06-5141-44F8-BC64-7AD025021DB3}.AppStore|iPhone.Build.0 = Release|Any CPU
		{0F0B0E06-5141-44F8-BC64-7AD025021DB3}.AppStore|iPhoneSimulator.ActiveCfg = Release|Any CPU
		{0F0B0E06-5141-44F8-BC64-7AD025021DB3}.AppStore|iPhoneSimulator.Build.0 = Release|Any CPU
		{0F0B0E06-5141-44F8-BC64-7AD025021DB3}.Debug|Any CPU.ActiveCfg = Debug|Any CPU
		{0F0B0E06-5141-44F8-BC64-7AD025021DB3}.Debug|Any CPU.Build.0 = Debug|Any CPU
		{0F0B0E06-5141-44F8-BC64-7AD025021DB3}.Debug|iPhone.ActiveCfg = Debug|Any CPU
		{0F0B0E06-5141-44F8-BC64-7AD025021DB3}.Debug|iPhone.Build.0 = Debug|Any CPU
		{0F0B0E06-5141-44F8-BC64-7AD025021DB3}.Debug|iPhoneSimulator.ActiveCfg = Debug|Any CPU
		{0F0B0E06-5141-44F8-BC64-7AD025021DB3}.Debug|iPhoneSimulator.Build.0 = Debug|Any CPU
		{0F0B0E06-5141-44F8-BC64-7AD025021DB3}.Release|Any CPU.ActiveCfg = Release|Any CPU
		{0F0B0E06-5141-44F8-BC64-7AD025021DB3}.Release|Any CPU.Build.0 = Release|Any CPU
		{0F0B0E06-5141-44F8-BC64-7AD025021DB3}.Release|iPhone.ActiveCfg = Release|Any CPU
		{0F0B0E06-5141-44F8-BC64-7AD025021DB3}.Release|iPhone.Build.0 = Release|Any CPU
		{0F0B0E06-5141-44F8-BC64-7AD025021DB3}.Release|iPhoneSimulator.ActiveCfg = Release|Any CPU
		{0F0B0E06-5141-44F8-BC64-7AD025021DB3}.Release|iPhoneSimulator.Build.0 = Release|Any CPU
		{B2C12D33-F34A-4EB3-AF37-86BCA3DF6629}.Ad-Hoc|Any CPU.ActiveCfg = Release|Any CPU
		{B2C12D33-F34A-4EB3-AF37-86BCA3DF6629}.Ad-Hoc|Any CPU.Build.0 = Release|Any CPU
		{B2C12D33-F34A-4EB3-AF37-86BCA3DF6629}.Ad-Hoc|iPhone.ActiveCfg = Release|Any CPU
		{B2C12D33-F34A-4EB3-AF37-86BCA3DF6629}.Ad-Hoc|iPhone.Build.0 = Release|Any CPU
		{B2C12D33-F34A-4EB3-AF37-86BCA3DF6629}.Ad-Hoc|iPhoneSimulator.ActiveCfg = Release|Any CPU
		{B2C12D33-F34A-4EB3-AF37-86BCA3DF6629}.Ad-Hoc|iPhoneSimulator.Build.0 = Release|Any CPU
		{B2C12D33-F34A-4EB3-AF37-86BCA3DF6629}.AppStore|Any CPU.ActiveCfg = Release|Any CPU
		{B2C12D33-F34A-4EB3-AF37-86BCA3DF6629}.AppStore|Any CPU.Build.0 = Release|Any CPU
		{B2C12D33-F34A-4EB3-AF37-86BCA3DF6629}.AppStore|iPhone.ActiveCfg = Release|Any CPU
		{B2C12D33-F34A-4EB3-AF37-86BCA3DF6629}.AppStore|iPhone.Build.0 = Release|Any CPU
		{B2C12D33-F34A-4EB3-AF37-86BCA3DF6629}.AppStore|iPhoneSimulator.ActiveCfg = Release|Any CPU
		{B2C12D33-F34A-4EB3-AF37-86BCA3DF6629}.AppStore|iPhoneSimulator.Build.0 = Release|Any CPU
		{B2C12D33-F34A-4EB3-AF37-86BCA3DF6629}.Debug|Any CPU.ActiveCfg = Debug|Any CPU
		{B2C12D33-F34A-4EB3-AF37-86BCA3DF6629}.Debug|Any CPU.Build.0 = Debug|Any CPU
		{B2C12D33-F34A-4EB3-AF37-86BCA3DF6629}.Debug|iPhone.ActiveCfg = Debug|Any CPU
		{B2C12D33-F34A-4EB3-AF37-86BCA3DF6629}.Debug|iPhone.Build.0 = Debug|Any CPU
		{B2C12D33-F34A-4EB3-AF37-86BCA3DF6629}.Debug|iPhoneSimulator.ActiveCfg = Debug|Any CPU
		{B2C12D33-F34A-4EB3-AF37-86BCA3DF6629}.Debug|iPhoneSimulator.Build.0 = Debug|Any CPU
		{B2C12D33-F34A-4EB3-AF37-86BCA3DF6629}.Release|Any CPU.ActiveCfg = Release|Any CPU
		{B2C12D33-F34A-4EB3-AF37-86BCA3DF6629}.Release|Any CPU.Build.0 = Release|Any CPU
		{B2C12D33-F34A-4EB3-AF37-86BCA3DF6629}.Release|iPhone.ActiveCfg = Release|Any CPU
		{B2C12D33-F34A-4EB3-AF37-86BCA3DF6629}.Release|iPhone.Build.0 = Release|Any CPU
		{B2C12D33-F34A-4EB3-AF37-86BCA3DF6629}.Release|iPhoneSimulator.ActiveCfg = Release|Any CPU
		{B2C12D33-F34A-4EB3-AF37-86BCA3DF6629}.Release|iPhoneSimulator.Build.0 = Release|Any CPU
	EndGlobalSection
	GlobalSection(SolutionProperties) = preSolution
		HideSolutionNode = FALSE
	EndGlobalSection
	GlobalSection(ExtensibilityGlobals) = postSolution
		SolutionGuid = {0F17190E-6463-4A12-9C1C-DC5A55361ED7}
	EndGlobalSection
EndGlobal
